
Microsoft Visual Studio Solution File, Format Version 11.00
# Visual Studio 2010
Project("{FAE04EC0-301F-11D3-BF4B-00C04F79EFBC}") = "Binoculars", "Binoculars\Binoculars.csproj", "{E064D05D-6AE2-4141-BE28-C78D4164A9AC}"
EndProject
Global
	GlobalSection(SolutionConfigurationPlatforms) = preSolution
		Debug|x86 = Debug|x86
		Release|x86 = Release|x86
	EndGlobalSection
	GlobalSection(ProjectConfigurationPlatforms) = postSolution
		{E064D05D-6AE2-4141-BE28-C78D4164A9AC}.Debug|x86.ActiveCfg = Debug|x86
		{E064D05D-6AE2-4141-BE28-C78D4164A9AC}.Debug|x86.Build.0 = Debug|x86
		{E064D05D-6AE2-4141-BE28-C78D4164A9AC}.Release|x86.ActiveCfg = Release|x86
		{E064D05D-6AE2-4141-BE28-C78D4164A9AC}.Release|x86.Build.0 = Release|x86
	EndGlobalSection
	GlobalSection(SolutionProperties) = preSolution
		HideSolutionNode = FALSE
	EndGlobalSection
EndGlobal
